// !$*UTF8*$!
{
	archiveVersion = 1;
	classes = {
	};
	objectVersion = 55;
	objects = {

/* Begin PBXBuildFile section */
		2409914827C5F9D0004487A0 /* CategoryModel.swift in Sources */ = {isa = PBXBuildFile; fileRef = 2409914727C5F9D0004487A0 /* CategoryModel.swift */; };
		2409914A27C5FBA2004487A0 /* CategoryItemView.swift in Sources */ = {isa = PBXBuildFile; fileRef = 2409914927C5FBA2004487A0 /* CategoryItemView.swift */; };
		2409914C27C5FD6E004487A0 /* CategoryGridView.swift in Sources */ = {isa = PBXBuildFile; fileRef = 2409914B27C5FD6E004487A0 /* CategoryGridView.swift */; };
		2409914E27C6002E004487A0 /* SectionView.swift in Sources */ = {isa = PBXBuildFile; fileRef = 2409914D27C6002E004487A0 /* SectionView.swift */; };
		2409915027C894B8004487A0 /* TitleView.swift in Sources */ = {isa = PBXBuildFile; fileRef = 2409914F27C894B8004487A0 /* TitleView.swift */; };
		2409915227C896D0004487A0 /* ProductModel.swift in Sources */ = {isa = PBXBuildFile; fileRef = 2409915127C896D0004487A0 /* ProductModel.swift */; };
		2409915427C897C6004487A0 /* ProductItemView.swift in Sources */ = {isa = PBXBuildFile; fileRef = 2409915327C897C6004487A0 /* ProductItemView.swift */; };
		2409915827C89C5A004487A0 /* BrandModel.swift in Sources */ = {isa = PBXBuildFile; fileRef = 2409915727C89C5A004487A0 /* BrandModel.swift */; };
		2409915A27C89D23004487A0 /* BrandItemView.swift in Sources */ = {isa = PBXBuildFile; fileRef = 2409915927C89D23004487A0 /* BrandItemView.swift */; };
		2409915C27C89E00004487A0 /* BrandGridView.swift in Sources */ = {isa = PBXBuildFile; fileRef = 2409915B27C89E00004487A0 /* BrandGridView.swift */; };
		2409915E27C8A1D6004487A0 /* ProductDetailView.swift in Sources */ = {isa = PBXBuildFile; fileRef = 2409915D27C8A1D6004487A0 /* ProductDetailView.swift */; };
		2409916027C8A355004487A0 /* NavigationBarDetailView.swift in Sources */ = {isa = PBXBuildFile; fileRef = 2409915F27C8A355004487A0 /* NavigationBarDetailView.swift */; };
		2409916227C8A4E9004487A0 /* HeaderDetailView.swift in Sources */ = {isa = PBXBuildFile; fileRef = 2409916127C8A4E9004487A0 /* HeaderDetailView.swift */; };
		2409916427C8A5AA004487A0 /* TopPartDetailView.swift in Sources */ = {isa = PBXBuildFile; fileRef = 2409916327C8A5AA004487A0 /* TopPartDetailView.swift */; };
		2409916627C8AB5C004487A0 /* CustomShape.swift in Sources */ = {isa = PBXBuildFile; fileRef = 2409916527C8AB5C004487A0 /* CustomShape.swift */; };
		2409916827C8AD70004487A0 /* RatingsSizesDetailView.swift in Sources */ = {isa = PBXBuildFile; fileRef = 2409916727C8AD70004487A0 /* RatingsSizesDetailView.swift */; };
		242F02E227C8B0A500EA8C65 /* QuantityFavoriteDetailView.swift in Sources */ = {isa = PBXBuildFile; fileRef = 242F02E127C8B0A500EA8C65 /* QuantityFavoriteDetailView.swift */; };
		242F02E427C8B2D200EA8C65 /* AddToCartDetailView.swift in Sources */ = {isa = PBXBuildFile; fileRef = 242F02E327C8B2D200EA8C65 /* AddToCartDetailView.swift */; };
		24BB3B0627C48B18001319B2 /* Launch Screen.storyboard in Resources */ = {isa = PBXBuildFile; fileRef = 24BB3B0527C48B18001319B2 /* Launch Screen.storyboard */; };
		24BB3B0B27C48D97001319B2 /* Constant.swift in Sources */ = {isa = PBXBuildFile; fileRef = 24BB3B0A27C48D97001319B2 /* Constant.swift */; };
		24BB3B0D27C48EF6001319B2 /* FooterView.swift in Sources */ = {isa = PBXBuildFile; fileRef = 24BB3B0C27C48EF6001319B2 /* FooterView.swift */; };
		24BB3B1327C498A5001319B2 /* HomeView.swift in Sources */ = {isa = PBXBuildFile; fileRef = 24BB3B1227C498A5001319B2 /* HomeView.swift */; };
		24BB3B1527C49ADB001319B2 /* NavigationBarView.swift in Sources */ = {isa = PBXBuildFile; fileRef = 24BB3B1427C49ADB001319B2 /* NavigationBarView.swift */; };
		24BB3B1727C49CE2001319B2 /* LogoView.swift in Sources */ = {isa = PBXBuildFile; fileRef = 24BB3B1627C49CE2001319B2 /* LogoView.swift */; };
		24BB3B1927C4A288001319B2 /* CodableBundleExtension.swift in Sources */ = {isa = PBXBuildFile; fileRef = 24BB3B1827C4A288001319B2 /* CodableBundleExtension.swift */; };
		24BB3B1B27C4A300001319B2 /* PlayerModel.swift in Sources */ = {isa = PBXBuildFile; fileRef = 24BB3B1A27C4A300001319B2 /* PlayerModel.swift */; };
		24BB3B1D27C4A5AE001319B2 /* FeaturedItemView.swift in Sources */ = {isa = PBXBuildFile; fileRef = 24BB3B1C27C4A5AE001319B2 /* FeaturedItemView.swift */; };
		24BB3B1F27C4A678001319B2 /* FeaturedTabView.swift in Sources */ = {isa = PBXBuildFile; fileRef = 24BB3B1E27C4A678001319B2 /* FeaturedTabView.swift */; };
		24CC160627C48522004091CB /* TouchdownApp.swift in Sources */ = {isa = PBXBuildFile; fileRef = 24CC160527C48522004091CB /* TouchdownApp.swift */; };
		24CC160A27C48526004091CB /* Assets.xcassets in Resources */ = {isa = PBXBuildFile; fileRef = 24CC160927C48526004091CB /* Assets.xcassets */; };
		24CC160D27C48526004091CB /* Preview Assets.xcassets in Resources */ = {isa = PBXBuildFile; fileRef = 24CC160C27C48526004091CB /* Preview Assets.xcassets */; };
		24CC161727C48863004091CB /* player.json in Resources */ = {isa = PBXBuildFile; fileRef = 24CC161327C48863004091CB /* player.json */; };
		24CC161827C48863004091CB /* brand.json in Resources */ = {isa = PBXBuildFile; fileRef = 24CC161427C48863004091CB /* brand.json */; };
		24CC161927C48863004091CB /* product.json in Resources */ = {isa = PBXBuildFile; fileRef = 24CC161527C48863004091CB /* product.json */; };
		24CC161A27C48863004091CB /* category.json in Resources */ = {isa = PBXBuildFile; fileRef = 24CC161627C48863004091CB /* category.json */; };
/* End PBXBuildFile section */

/* Begin PBXFileReference section */
		2409914727C5F9D0004487A0 /* CategoryModel.swift */ = {isa = PBXFileReference; lastKnownFileType = sourcecode.swift; path = CategoryModel.swift; sourceTree = "<group>"; };
		2409914927C5FBA2004487A0 /* CategoryItemView.swift */ = {isa = PBXFileReference; lastKnownFileType = sourcecode.swift; path = CategoryItemView.swift; sourceTree = "<group>"; };
		2409914B27C5FD6E004487A0 /* CategoryGridView.swift */ = {isa = PBXFileReference; lastKnownFileType = sourcecode.swift; path = CategoryGridView.swift; sourceTree = "<group>"; };
		2409914D27C6002E004487A0 /* SectionView.swift */ = {isa = PBXFileReference; lastKnownFileType = sourcecode.swift; path = SectionView.swift; sourceTree = "<group>"; };
		2409914F27C894B8004487A0 /* TitleView.swift */ = {isa = PBXFileReference; lastKnownFileType = sourcecode.swift; path = TitleView.swift; sourceTree = "<group>"; };
		2409915127C896D0004487A0 /* ProductModel.swift */ = {isa = PBXFileReference; lastKnownFileType = sourcecode.swift; path = ProductModel.swift; sourceTree = "<group>"; };
		2409915327C897C6004487A0 /* ProductItemView.swift */ = {isa = PBXFileReference; lastKnownFileType = sourcecode.swift; path = ProductItemView.swift; sourceTree = "<group>"; };
		2409915727C89C5A004487A0 /* BrandModel.swift */ = {isa = PBXFileReference; lastKnownFileType = sourcecode.swift; path = BrandModel.swift; sourceTree = "<group>"; };
		2409915927C89D23004487A0 /* BrandItemView.swift */ = {isa = PBXFileReference; lastKnownFileType = sourcecode.swift; path = BrandItemView.swift; sourceTree = "<group>"; };
		2409915B27C89E00004487A0 /* BrandGridView.swift */ = {isa = PBXFileReference; lastKnownFileType = sourcecode.swift; path = BrandGridView.swift; sourceTree = "<group>"; };
		2409915D27C8A1D6004487A0 /* ProductDetailView.swift */ = {isa = PBXFileReference; lastKnownFileType = sourcecode.swift; path = ProductDetailView.swift; sourceTree = "<group>"; };
		2409915F27C8A355004487A0 /* NavigationBarDetailView.swift */ = {isa = PBXFileReference; lastKnownFileType = sourcecode.swift; path = NavigationBarDetailView.swift; sourceTree = "<group>"; };
		2409916127C8A4E9004487A0 /* HeaderDetailView.swift */ = {isa = PBXFileReference; lastKnownFileType = sourcecode.swift; path = HeaderDetailView.swift; sourceTree = "<group>"; };
		2409916327C8A5AA004487A0 /* TopPartDetailView.swift */ = {isa = PBXFileReference; lastKnownFileType = sourcecode.swift; path = TopPartDetailView.swift; sourceTree = "<group>"; };
		2409916527C8AB5C004487A0 /* CustomShape.swift */ = {isa = PBXFileReference; lastKnownFileType = sourcecode.swift; path = CustomShape.swift; sourceTree = "<group>"; };
		2409916727C8AD70004487A0 /* RatingsSizesDetailView.swift */ = {isa = PBXFileReference; lastKnownFileType = sourcecode.swift; path = RatingsSizesDetailView.swift; sourceTree = "<group>"; };
		242F02E127C8B0A500EA8C65 /* QuantityFavoriteDetailView.swift */ = {isa = PBXFileReference; lastKnownFileType = sourcecode.swift; path = QuantityFavoriteDetailView.swift; sourceTree = "<group>"; };
		242F02E327C8B2D200EA8C65 /* AddToCartDetailView.swift */ = {isa = PBXFileReference; lastKnownFileType = sourcecode.swift; path = AddToCartDetailView.swift; sourceTree = "<group>"; };
		24BB3B0527C48B18001319B2 /* Launch Screen.storyboard */ = {isa = PBXFileReference; lastKnownFileType = file.storyboard; path = "Launch Screen.storyboard"; sourceTree = "<group>"; };
		24BB3B0A27C48D97001319B2 /* Constant.swift */ = {isa = PBXFileReference; lastKnownFileType = sourcecode.swift; path = Constant.swift; sourceTree = "<group>"; };
		24BB3B0C27C48EF6001319B2 /* FooterView.swift */ = {isa = PBXFileReference; lastKnownFileType = sourcecode.swift; path = FooterView.swift; sourceTree = "<group>"; };
		24BB3B1227C498A5001319B2 /* HomeView.swift */ = {isa = PBXFileReference; lastKnownFileType = sourcecode.swift; path = HomeView.swift; sourceTree = "<group>"; };
		24BB3B1427C49ADB001319B2 /* NavigationBarView.swift */ = {isa = PBXFileReference; lastKnownFileType = sourcecode.swift; path = NavigationBarView.swift; sourceTree = "<group>"; };
		24BB3B1627C49CE2001319B2 /* LogoView.swift */ = {isa = PBXFileReference; lastKnownFileType = sourcecode.swift; path = LogoView.swift; sourceTree = "<group>"; };
		24BB3B1827C4A288001319B2 /* CodableBundleExtension.swift */ = {isa = PBXFileReference; lastKnownFileType = sourcecode.swift; path = CodableBundleExtension.swift; sourceTree = "<group>"; };
		24BB3B1A27C4A300001319B2 /* PlayerModel.swift */ = {isa = PBXFileReference; lastKnownFileType = sourcecode.swift; path = PlayerModel.swift; sourceTree = "<group>"; };
		24BB3B1C27C4A5AE001319B2 /* FeaturedItemView.swift */ = {isa = PBXFileReference; lastKnownFileType = sourcecode.swift; path = FeaturedItemView.swift; sourceTree = "<group>"; };
		24BB3B1E27C4A678001319B2 /* FeaturedTabView.swift */ = {isa = PBXFileReference; lastKnownFileType = sourcecode.swift; path = FeaturedTabView.swift; sourceTree = "<group>"; };
		24CC160227C48522004091CB /* Touchdown.app */ = {isa = PBXFileReference; explicitFileType = wrapper.application; includeInIndex = 0; path = Touchdown.app; sourceTree = BUILT_PRODUCTS_DIR; };
		24CC160527C48522004091CB /* TouchdownApp.swift */ = {isa = PBXFileReference; lastKnownFileType = sourcecode.swift; path = TouchdownApp.swift; sourceTree = "<group>"; };
		24CC160927C48526004091CB /* Assets.xcassets */ = {isa = PBXFileReference; lastKnownFileType = folder.assetcatalog; path = Assets.xcassets; sourceTree = "<group>"; };
		24CC160C27C48526004091CB /* Preview Assets.xcassets */ = {isa = PBXFileReference; lastKnownFileType = folder.assetcatalog; path = "Preview Assets.xcassets"; sourceTree = "<group>"; };
		24CC161327C48863004091CB /* player.json */ = {isa = PBXFileReference; fileEncoding = 4; lastKnownFileType = text.json; path = player.json; sourceTree = "<group>"; };
		24CC161427C48863004091CB /* brand.json */ = {isa = PBXFileReference; fileEncoding = 4; lastKnownFileType = text.json; path = brand.json; sourceTree = "<group>"; };
		24CC161527C48863004091CB /* product.json */ = {isa = PBXFileReference; fileEncoding = 4; lastKnownFileType = text.json; path = product.json; sourceTree = "<group>"; };
		24CC161627C48863004091CB /* category.json */ = {isa = PBXFileReference; fileEncoding = 4; lastKnownFileType = text.json; path = category.json; sourceTree = "<group>"; };
		24CC161E27C4890A004091CB /* Info.plist */ = {isa = PBXFileReference; lastKnownFileType = text.plist; path = Info.plist; sourceTree = "<group>"; };
/* End PBXFileReference section */

/* Begin PBXFrameworksBuildPhase section */
		24CC15FF27C48522004091CB /* Frameworks */ = {
			isa = PBXFrameworksBuildPhase;
			buildActionMask = 2147483647;
			files = (
			);
			runOnlyForDeploymentPostprocessing = 0;
		};
/* End PBXFrameworksBuildPhase section */

/* Begin PBXGroup section */
		24BB3B0727C48CAC001319B2 /* Model */ = {
			isa = PBXGroup;
			children = (
				24BB3B1A27C4A300001319B2 /* PlayerModel.swift */,
				2409914727C5F9D0004487A0 /* CategoryModel.swift */,
				2409915127C896D0004487A0 /* ProductModel.swift */,
				2409915727C89C5A004487A0 /* BrandModel.swift */,
			);
			path = Model;
			sourceTree = "<group>";
		};
		24BB3B0827C48CB1001319B2 /* Extension */ = {
			isa = PBXGroup;
			children = (
				24BB3B1827C4A288001319B2 /* CodableBundleExtension.swift */,
			);
			path = Extension;
			sourceTree = "<group>";
		};
		24BB3B0927C48CB9001319B2 /* Utility */ = {
			isa = PBXGroup;
			children = (
				24BB3B0A27C48D97001319B2 /* Constant.swift */,
				2409916527C8AB5C004487A0 /* CustomShape.swift */,
			);
			path = Utility;
			sourceTree = "<group>";
		};
		24BB3B1027C497C4001319B2 /* Home */ = {
			isa = PBXGroup;
			children = (
				24BB3B1227C498A5001319B2 /* HomeView.swift */,
				24BB3B1427C49ADB001319B2 /* NavigationBarView.swift */,
				24BB3B1627C49CE2001319B2 /* LogoView.swift */,
				24BB3B1C27C4A5AE001319B2 /* FeaturedItemView.swift */,
				24BB3B1E27C4A678001319B2 /* FeaturedTabView.swift */,
				2409914D27C6002E004487A0 /* SectionView.swift */,
				2409914927C5FBA2004487A0 /* CategoryItemView.swift */,
				2409914B27C5FD6E004487A0 /* CategoryGridView.swift */,
				2409914F27C894B8004487A0 /* TitleView.swift */,
				2409915327C897C6004487A0 /* ProductItemView.swift */,
				2409915927C89D23004487A0 /* BrandItemView.swift */,
				2409915B27C89E00004487A0 /* BrandGridView.swift */,
				24BB3B0C27C48EF6001319B2 /* FooterView.swift */,
			);
			path = Home;
			sourceTree = "<group>";
		};
		24BB3B1127C497CD001319B2 /* Detail */ = {
			isa = PBXGroup;
			children = (
				2409915D27C8A1D6004487A0 /* ProductDetailView.swift */,
				2409915F27C8A355004487A0 /* NavigationBarDetailView.swift */,
				2409916127C8A4E9004487A0 /* HeaderDetailView.swift */,
				2409916327C8A5AA004487A0 /* TopPartDetailView.swift */,
				2409916727C8AD70004487A0 /* RatingsSizesDetailView.swift */,
				242F02E127C8B0A500EA8C65 /* QuantityFavoriteDetailView.swift */,
				242F02E327C8B2D200EA8C65 /* AddToCartDetailView.swift */,
			);
			path = Detail;
			sourceTree = "<group>";
		};
		24CC15F927C48522004091CB = {
			isa = PBXGroup;
			children = (
				24CC160427C48522004091CB /* Touchdown */,
				24CC160327C48522004091CB /* Products */,
			);
			sourceTree = "<group>";
		};
		24CC160327C48522004091CB /* Products */ = {
			isa = PBXGroup;
			children = (
				24CC160227C48522004091CB /* Touchdown.app */,
			);
			name = Products;
			sourceTree = "<group>";
		};
		24CC160427C48522004091CB /* Touchdown */ = {
			isa = PBXGroup;
			children = (
				24CC161D27C4887A004091CB /* App */,
				24CC161C27C48873004091CB /* View */,
				24CC161B27C48869004091CB /* Data */,
				24BB3B0727C48CAC001319B2 /* Model */,
				24BB3B0827C48CB1001319B2 /* Extension */,
				24BB3B0927C48CB9001319B2 /* Utility */,
				24CC160B27C48526004091CB /* Preview Content */,
				24CC160927C48526004091CB /* Assets.xcassets */,
				24BB3B0527C48B18001319B2 /* Launch Screen.storyboard */,
				24CC161E27C4890A004091CB /* Info.plist */,
			);
			path = Touchdown;
			sourceTree = "<group>";
		};
		24CC160B27C48526004091CB /* Preview Content */ = {
			isa = PBXGroup;
			children = (
				24CC160C27C48526004091CB /* Preview Assets.xcassets */,
			);
			path = "Preview Content";
			sourceTree = "<group>";
		};
		24CC161B27C48869004091CB /* Data */ = {
			isa = PBXGroup;
			children = (
				24CC161427C48863004091CB /* brand.json */,
				24CC161627C48863004091CB /* category.json */,
				24CC161327C48863004091CB /* player.json */,
				24CC161527C48863004091CB /* product.json */,
			);
			path = Data;
			sourceTree = "<group>";
		};
		24CC161C27C48873004091CB /* View */ = {
			isa = PBXGroup;
			children = (
				24BB3B1027C497C4001319B2 /* Home */,
				24BB3B1127C497CD001319B2 /* Detail */,
			);
			path = View;
			sourceTree = "<group>";
		};
		24CC161D27C4887A004091CB /* App */ = {
			isa = PBXGroup;
			children = (
				24CC160527C48522004091CB /* TouchdownApp.swift */,
			);
			path = App;
			sourceTree = "<group>";
		};
/* End PBXGroup section */

/* Begin PBXNativeTarget section */
		24CC160127C48522004091CB /* Touchdown */ = {
			isa = PBXNativeTarget;
			buildConfigurationList = 24CC161027C48526004091CB /* Build configuration list for PBXNativeTarget "Touchdown" */;
			buildPhases = (
				24CC15FE27C48522004091CB /* Sources */,
				24CC15FF27C48522004091CB /* Frameworks */,
				24CC160027C48522004091CB /* Resources */,
			);
			buildRules = (
			);
			dependencies = (
			);
			name = Touchdown;
			productName = Touchdown;
			productReference = 24CC160227C48522004091CB /* Touchdown.app */;
			productType = "com.apple.product-type.application";
		};
/* End PBXNativeTarget section */

/* Begin PBXProject section */
		24CC15FA27C48522004091CB /* Project object */ = {
			isa = PBXProject;
			attributes = {
				BuildIndependentTargetsInParallel = 1;
				LastSwiftUpdateCheck = 1320;
				LastUpgradeCheck = 1320;
				TargetAttributes = {
					24CC160127C48522004091CB = {
						CreatedOnToolsVersion = 13.2.1;
					};
				};
			};
			buildConfigurationList = 24CC15FD27C48522004091CB /* Build configuration list for PBXProject "Touchdown" */;
			compatibilityVersion = "Xcode 13.0";
			developmentRegion = en;
			hasScannedForEncodings = 0;
			knownRegions = (
				en,
				Base,
			);
			mainGroup = 24CC15F927C48522004091CB;
			productRefGroup = 24CC160327C48522004091CB /* Products */;
			projectDirPath = "";
			projectRoot = "";
			targets = (
				24CC160127C48522004091CB /* Touchdown */,
			);
		};
/* End PBXProject section */

/* Begin PBXResourcesBuildPhase section */
		24CC160027C48522004091CB /* Resources */ = {
			isa = PBXResourcesBuildPhase;
			buildActionMask = 2147483647;
			files = (
				24CC161727C48863004091CB /* player.json in Resources */,
				24CC161827C48863004091CB /* brand.json in Resources */,
				24CC160D27C48526004091CB /* Preview Assets.xcassets in Resources */,
				24CC161A27C48863004091CB /* category.json in Resources */,
				24CC160A27C48526004091CB /* Assets.xcassets in Resources */,
				24CC161927C48863004091CB /* product.json in Resources */,
				24BB3B0627C48B18001319B2 /* Launch Screen.storyboard in Resources */,
			);
			runOnlyForDeploymentPostprocessing = 0;
		};
/* End PBXResourcesBuildPhase section */

/* Begin PBXSourcesBuildPhase section */
		24CC15FE27C48522004091CB /* Sources */ = {
			isa = PBXSourcesBuildPhase;
			buildActionMask = 2147483647;
			files = (
				24BB3B0D27C48EF6001319B2 /* FooterView.swift in Sources */,
				2409916227C8A4E9004487A0 /* HeaderDetailView.swift in Sources */,
				2409916427C8A5AA004487A0 /* TopPartDetailView.swift in Sources */,
				24BB3B1727C49CE2001319B2 /* LogoView.swift in Sources */,
				242F02E227C8B0A500EA8C65 /* QuantityFavoriteDetailView.swift in Sources */,
				24BB3B1B27C4A300001319B2 /* PlayerModel.swift in Sources */,
				24BB3B1327C498A5001319B2 /* HomeView.swift in Sources */,
				24BB3B1D27C4A5AE001319B2 /* FeaturedItemView.swift in Sources */,
				242F02E427C8B2D200EA8C65 /* AddToCartDetailView.swift in Sources */,
				2409915427C897C6004487A0 /* ProductItemView.swift in Sources */,
				2409915C27C89E00004487A0 /* BrandGridView.swift in Sources */,
				2409916827C8AD70004487A0 /* RatingsSizesDetailView.swift in Sources */,
				24BB3B1927C4A288001319B2 /* CodableBundleExtension.swift in Sources */,
				2409915E27C8A1D6004487A0 /* ProductDetailView.swift in Sources */,
				2409916027C8A355004487A0 /* NavigationBarDetailView.swift in Sources */,
				24CC160627C48522004091CB /* TouchdownApp.swift in Sources */,
				2409914C27C5FD6E004487A0 /* CategoryGridView.swift in Sources */,
				2409914827C5F9D0004487A0 /* CategoryModel.swift in Sources */,
				24BB3B0B27C48D97001319B2 /* Constant.swift in Sources */,
				2409914E27C6002E004487A0 /* SectionView.swift in Sources */,
				2409915A27C89D23004487A0 /* BrandItemView.swift in Sources */,
				2409914A27C5FBA2004487A0 /* CategoryItemView.swift in Sources */,
				24BB3B1F27C4A678001319B2 /* FeaturedTabView.swift in Sources */,
				2409916627C8AB5C004487A0 /* CustomShape.swift in Sources */,
				24BB3B1527C49ADB001319B2 /* NavigationBarView.swift in Sources */,
				2409915827C89C5A004487A0 /* BrandModel.swift in Sources */,
				2409915027C894B8004487A0 /* TitleView.swift in Sources */,
				2409915227C896D0004487A0 /* ProductModel.swift in Sources */,
			);
			runOnlyForDeploymentPostprocessing = 0;
		};
/* End PBXSourcesBuildPhase section */

/* Begin XCBuildConfiguration section */
		24CC160E27C48526004091CB /* Debug */ = {
			isa = XCBuildConfiguration;
			buildSettings = {
				ALWAYS_SEARCH_USER_PATHS = NO;
				CLANG_ANALYZER_NONNULL = YES;
				CLANG_ANALYZER_NUMBER_OBJECT_CONVERSION = YES_AGGRESSIVE;
				CLANG_CXX_LANGUAGE_STANDARD = "gnu++17";
				CLANG_CXX_LIBRARY = "libc++";
				CLANG_ENABLE_MODULES = YES;
				CLANG_ENABLE_OBJC_ARC = YES;
				CLANG_ENABLE_OBJC_WEAK = YES;
				CLANG_WARN_BLOCK_CAPTURE_AUTORELEASING = YES;
				CLANG_WARN_BOOL_CONVERSION = YES;
				CLANG_WARN_COMMA = YES;
				CLANG_WARN_CONSTANT_CONVERSION = YES;
				CLANG_WARN_DEPRECATED_OBJC_IMPLEMENTATIONS = YES;
				CLANG_WARN_DIRECT_OBJC_ISA_USAGE = YES_ERROR;
				CLANG_WARN_DOCUMENTATION_COMMENTS = YES;
				CLANG_WARN_EMPTY_BODY = YES;
				CLANG_WARN_ENUM_CONVERSION = YES;
				CLANG_WARN_INFINITE_RECURSION = YES;
				CLANG_WARN_INT_CONVERSION = YES;
				CLANG_WARN_NON_LITERAL_NULL_CONVERSION = YES;
				CLANG_WARN_OBJC_IMPLICIT_RETAIN_SELF = YES;
				CLANG_WARN_OBJC_LITERAL_CONVERSION = YES;
				CLANG_WARN_OBJC_ROOT_CLASS = YES_ERROR;
				CLANG_WARN_QUOTED_INCLUDE_IN_FRAMEWORK_HEADER = YES;
				CLANG_WARN_RANGE_LOOP_ANALYSIS = YES;
				CLANG_WARN_STRICT_PROTOTYPES = YES;
				CLANG_WARN_SUSPICIOUS_MOVE = YES;
				CLANG_WARN_UNGUARDED_AVAILABILITY = YES_AGGRESSIVE;
				CLANG_WARN_UNREACHABLE_CODE = YES;
				CLANG_WARN__DUPLICATE_METHOD_MATCH = YES;
				COPY_PHASE_STRIP = NO;
				DEBUG_INFORMATION_FORMAT = dwarf;
				ENABLE_STRICT_OBJC_MSGSEND = YES;
				ENABLE_TESTABILITY = YES;
				GCC_C_LANGUAGE_STANDARD = gnu11;
				GCC_DYNAMIC_NO_PIC = NO;
				GCC_NO_COMMON_BLOCKS = YES;
				GCC_OPTIMIZATION_LEVEL = 0;
				GCC_PREPROCESSOR_DEFINITIONS = (
					"DEBUG=1",
					"$(inherited)",
				);
				GCC_WARN_64_TO_32_BIT_CONVERSION = YES;
				GCC_WARN_ABOUT_RETURN_TYPE = YES_ERROR;
				GCC_WARN_UNDECLARED_SELECTOR = YES;
				GCC_WARN_UNINITIALIZED_AUTOS = YES_AGGRESSIVE;
				GCC_WARN_UNUSED_FUNCTION = YES;
				GCC_WARN_UNUSED_VARIABLE = YES;
				IPHONEOS_DEPLOYMENT_TARGET = 15.2;
				MTL_ENABLE_DEBUG_INFO = INCLUDE_SOURCE;
				MTL_FAST_MATH = YES;
				ONLY_ACTIVE_ARCH = YES;
				SDKROOT = iphoneos;
				SWIFT_ACTIVE_COMPILATION_CONDITIONS = DEBUG;
				SWIFT_OPTIMIZATION_LEVEL = "-Onone";
			};
			name = Debug;
		};
		24CC160F27C48526004091CB /* Release */ = {
			isa = XCBuildConfiguration;
			buildSettings = {
				ALWAYS_SEARCH_USER_PATHS = NO;
				CLANG_ANALYZER_NONNULL = YES;
				CLANG_ANALYZER_NUMBER_OBJECT_CONVERSION = YES_AGGRESSIVE;
				CLANG_CXX_LANGUAGE_STANDARD = "gnu++17";
				CLANG_CXX_LIBRARY = "libc++";
				CLANG_ENABLE_MODULES = YES;
				CLANG_ENABLE_OBJC_ARC = YES;
				CLANG_ENABLE_OBJC_WEAK = YES;
				CLANG_WARN_BLOCK_CAPTURE_AUTORELEASING = YES;
				CLANG_WARN_BOOL_CONVERSION = YES;
				CLANG_WARN_COMMA = YES;
				CLANG_WARN_CONSTANT_CONVERSION = YES;
				CLANG_WARN_DEPRECATED_OBJC_IMPLEMENTATIONS = YES;
				CLANG_WARN_DIRECT_OBJC_ISA_USAGE = YES_ERROR;
				CLANG_WARN_DOCUMENTATION_COMMENTS = YES;
				CLANG_WARN_EMPTY_BODY = YES;
				CLANG_WARN_ENUM_CONVERSION = YES;
				CLANG_WARN_INFINITE_RECURSION = YES;
				CLANG_WARN_INT_CONVERSION = YES;
				CLANG_WARN_NON_LITERAL_NULL_CONVERSION = YES;
				CLANG_WARN_OBJC_IMPLICIT_RETAIN_SELF = YES;
				CLANG_WARN_OBJC_LITERAL_CONVERSION = YES;
				CLANG_WARN_OBJC_ROOT_CLASS = YES_ERROR;
				CLANG_WARN_QUOTED_INCLUDE_IN_FRAMEWORK_HEADER = YES;
				CLANG_WARN_RANGE_LOOP_ANALYSIS = YES;
				CLANG_WARN_STRICT_PROTOTYPES = YES;
				CLANG_WARN_SUSPICIOUS_MOVE = YES;
				CLANG_WARN_UNGUARDED_AVAILABILITY = YES_AGGRESSIVE;
				CLANG_WARN_UNREACHABLE_CODE = YES;
				CLANG_WARN__DUPLICATE_METHOD_MATCH = YES;
				COPY_PHASE_STRIP = NO;
				DEBUG_INFORMATION_FORMAT = "dwarf-with-dsym";
				ENABLE_NS_ASSERTIONS = NO;
				ENABLE_STRICT_OBJC_MSGSEND = YES;
				GCC_C_LANGUAGE_STANDARD = gnu11;
				GCC_NO_COMMON_BLOCKS = YES;
				GCC_WARN_64_TO_32_BIT_CONVERSION = YES;
				GCC_WARN_ABOUT_RETURN_TYPE = YES_ERROR;
				GCC_WARN_UNDECLARED_SELECTOR = YES;
				GCC_WARN_UNINITIALIZED_AUTOS = YES_AGGRESSIVE;
				GCC_WARN_UNUSED_FUNCTION = YES;
				GCC_WARN_UNUSED_VARIABLE = YES;
				IPHONEOS_DEPLOYMENT_TARGET = 15.2;
				MTL_ENABLE_DEBUG_INFO = NO;
				MTL_FAST_MATH = YES;
				SDKROOT = iphoneos;
				SWIFT_COMPILATION_MODE = wholemodule;
				SWIFT_OPTIMIZATION_LEVEL = "-O";
				VALIDATE_PRODUCT = YES;
			};
			name = Release;
		};
		24CC161127C48526004091CB /* Debug */ = {
			isa = XCBuildConfiguration;
			buildSettings = {
				ASSETCATALOG_COMPILER_APPICON_NAME = AppIcon;
				ASSETCATALOG_COMPILER_GLOBAL_ACCENT_COLOR_NAME = AccentColor;
				CODE_SIGN_STYLE = Automatic;
				CURRENT_PROJECT_VERSION = 1;
				DEVELOPMENT_ASSET_PATHS = "\"Touchdown/Preview Content\"";
				DEVELOPMENT_TEAM = PP55FS799T;
				ENABLE_PREVIEWS = YES;
				GENERATE_INFOPLIST_FILE = YES;
				INFOPLIST_FILE = Touchdown/Info.plist;
				INFOPLIST_KEY_CFBundleDisplayName = "";
				INFOPLIST_KEY_UIApplicationSceneManifest_Generation = YES;
				INFOPLIST_KEY_UIApplicationSupportsIndirectInputEvents = YES;
				INFOPLIST_KEY_UILaunchStoryboardName = "Launch Screen";
				INFOPLIST_KEY_UISupportedInterfaceOrientations = UIInterfaceOrientationPortrait;
				INFOPLIST_KEY_UISupportedInterfaceOrientations_iPad = "UIInterfaceOrientationPortrait UIInterfaceOrientationPortraitUpsideDown UIInterfaceOrientationLandscapeLeft UIInterfaceOrientationLandscapeRight";
				INFOPLIST_KEY_UISupportedInterfaceOrientations_iPhone = UIInterfaceOrientationPortrait;
				INFOPLIST_KEY_UIUserInterfaceStyle = Light;
				LD_RUNPATH_SEARCH_PATHS = (
					"$(inherited)",
					"@executable_path/Frameworks",
				);
				MARKETING_VERSION = 1.0;
				PRODUCT_BUNDLE_IDENTIFIER = com.moralesmicaella.Touchdown;
				PRODUCT_NAME = "$(TARGET_NAME)";
				SWIFT_EMIT_LOC_STRINGS = YES;
				SWIFT_VERSION = 5.0;
				TARGETED_DEVICE_FAMILY = "1,2";
			};
			name = Debug;
		};
		24CC161227C48526004091CB /* Release */ = {
			isa = XCBuildConfiguration;
			buildSettings = {
				ASSETCATALOG_COMPILER_APPICON_NAME = AppIcon;
				ASSETCATALOG_COMPILER_GLOBAL_ACCENT_COLOR_NAME = AccentColor;
				CODE_SIGN_STYLE = Automatic;
				CURRENT_PROJECT_VERSION = 1;
				DEVELOPMENT_ASSET_PATHS = "\"Touchdown/Preview Content\"";
				DEVELOPMENT_TEAM = PP55FS799T;
				ENABLE_PREVIEWS = YES;
				GENERATE_INFOPLIST_FILE = YES;
				INFOPLIST_FILE = Touchdown/Info.plist;
				INFOPLIST_KEY_CFBundleDisplayName = "";
				INFOPLIST_KEY_UIApplicationSceneManifest_Generation = YES;
				INFOPLIST_KEY_UIApplicationSupportsIndirectInputEvents = YES;
				INFOPLIST_KEY_UILaunchStoryboardName = "Launch Screen";
				INFOPLIST_KEY_UISupportedInterfaceOrientations = UIInterfaceOrientationPortrait;
				INFOPLIST_KEY_UISupportedInterfaceOrientations_iPad = "UIInterfaceOrientationPortrait UIInterfaceOrientationPortraitUpsideDown UIInterfaceOrientationLandscapeLeft UIInterfaceOrientationLandscapeRight";
				INFOPLIST_KEY_UISupportedInterfaceOrientations_iPhone = UIInterfaceOrientationPortrait;
				INFOPLIST_KEY_UIUserInterfaceStyle = Light;
				LD_RUNPATH_SEARCH_PATHS = (
					"$(inherited)",
					"@executable_path/Frameworks",
				);
				MARKETING_VERSION = 1.0;
				PRODUCT_BUNDLE_IDENTIFIER = com.moralesmicaella.Touchdown;
				PRODUCT_NAME = "$(TARGET_NAME)";
				SWIFT_EMIT_LOC_STRINGS = YES;
				SWIFT_VERSION = 5.0;
				TARGETED_DEVICE_FAMILY = "1,2";
			};
			name = Release;
		};
/* End XCBuildConfiguration section */

/* Begin XCConfigurationList section */
		24CC15FD27C48522004091CB /* Build configuration list for PBXProject "Touchdown" */ = {
			isa = XCConfigurationList;
			buildConfigurations = (
				24CC160E27C48526004091CB /* Debug */,
				24CC160F27C48526004091CB /* Release */,
			);
			defaultConfigurationIsVisible = 0;
			defaultConfigurationName = Release;
		};
		24CC161027C48526004091CB /* Build configuration list for PBXNativeTarget "Touchdown" */ = {
			isa = XCConfigurationList;
			buildConfigurations = (
				24CC161127C48526004091CB /* Debug */,
				24CC161227C48526004091CB /* Release */,
			);
			defaultConfigurationIsVisible = 0;
			defaultConfigurationName = Release;
		};
/* End XCConfigurationList section */
	};
	rootObject = 24CC15FA27C48522004091CB /* Project object */;
}
